
Microsoft Visual Studio Solution File, Format Version 12.00
# Visual Studio Version 17
VisualStudioVersion = 17.11.35312.102
MinimumVisualStudioVersion = 10.0.40219.1
Project("{9A19103F-16F7-4668-BE54-9A1E7A4F7556}") = "Tyuiu.KorotkovNS.Sprint6.Task0.V20", "Tyuiu.KorotkovNS.Sprint6.Task0.V20\Tyuiu.KorotkovNS.Sprint6.Task0.V20.csproj", "{8D9792E7-812E-447A-8D71-25072EB14A17}"
EndProject
Project("{2150E333-8FDC-42A3-9474-1A3956D46DE8}") = "Task0", "Task0", "{0BE4BE94-FD46-4BE5-B9E4-88FC8CF6B68B}"
EndProject
Project("{9A19103F-16F7-4668-BE54-9A1E7A4F7556}") = "Tyuiu.KorotkovNS.Sprint6.Task0.V20.Lib", "Tyuiu.KorotkovNS.Sprint6.Task0.V20.Lib\Tyuiu.KorotkovNS.Sprint6.Task0.V20.Lib.csproj", "{A73228FD-5C4D-40C6-9864-05F741D9A281}"
EndProject
Project("{9A19103F-16F7-4668-BE54-9A1E7A4F7556}") = "Tyuiu.KorotkovNS.Sprint6.Task0.V20.Test", "Tyuiu.KorotkovNS.Sprint6.Task0.V20.Test\Tyuiu.KorotkovNS.Sprint6.Task0.V20.Test.csproj", "{0B139855-5FC3-4898-B15F-543C2885DEB5}"
EndProject
Project("{2150E333-8FDC-42A3-9474-1A3956D46DE8}") = "Task1", "Task1", "{3CFEEEFD-A280-4035-BD03-ED846BAB116B}"
EndProject
Project("{9A19103F-16F7-4668-BE54-9A1E7A4F7556}") = "Tyuiu.KorotkovNS.Sprint6.Task1.V21", "Tyuiu.KorotkovNS.Sprint6.Task1.V21\Tyuiu.KorotkovNS.Sprint6.Task1.V21.csproj", "{6FC72CCF-2A7D-4F24-ADB4-B077A4F566EF}"
EndProject
Project("{9A19103F-16F7-4668-BE54-9A1E7A4F7556}") = "Tyuiu.KorotkovNS.Sprint6.Task1.V21.Lib", "Tyuiu.KorotkovNS.Sprint6.Task1.V21.Lib\Tyuiu.KorotkovNS.Sprint6.Task1.V21.Lib.csproj", "{D2F1475D-8735-46F1-BF38-9CB22483149D}"
EndProject
Project("{9A19103F-16F7-4668-BE54-9A1E7A4F7556}") = "Tyuiu.KorotkovNS.Sprint6.Task1.V21.Test", "Tyuiu.KorotkovNS.Sprint6.Task1.V21.Test\Tyuiu.KorotkovNS.Sprint6.Task1.V21.Test.csproj", "{E5F7F6CA-7859-45DF-AB1A-4E16B83DD29B}"
EndProject
Project("{2150E333-8FDC-42A3-9474-1A3956D46DE8}") = "Task2", "Task2", "{5DB0BCBE-E9EB-4ACE-8ABA-094D709E8A45}"
EndProject
Project("{9A19103F-16F7-4668-BE54-9A1E7A4F7556}") = "Tyuiu.KorotkovNS.Sprint6.Task2.V29", "Tyuiu.KorotkovNS.Sprint6.Task2.V29\Tyuiu.KorotkovNS.Sprint6.Task2.V29.csproj", "{5830B508-5ED0-4B0D-879F-8DDEEECC161C}"
EndProject
Project("{9A19103F-16F7-4668-BE54-9A1E7A4F7556}") = "Tyuiu.KorotkovNS.Sprint6.Task2.V29.Lib", "Tyuiu.KorotkovNS.Sprint6.Task2.V29.Lib\Tyuiu.KorotkovNS.Sprint6.Task2.V29.Lib.csproj", "{105A1E1F-2DBB-4C62-BD2F-0EF920157B2B}"
EndProject
Project("{9A19103F-16F7-4668-BE54-9A1E7A4F7556}") = "Tyuiu.KorotkovNS.Sprint6.Task2.V29.Test", "Tyuiu.KorotkovNS.Sprint6.Task2.V29.Test\Tyuiu.KorotkovNS.Sprint6.Task2.V29.Test.csproj", "{78EA0BD1-0CDF-430E-9972-CDE09E873795}"
EndProject
Project("{2150E333-8FDC-42A3-9474-1A3956D46DE8}") = "Task3", "Task3", "{D83C0558-21A3-4A0D-B198-48B105029AE7}"
EndProject
Project("{9A19103F-16F7-4668-BE54-9A1E7A4F7556}") = "Tyuiu.KorotkovNS.Sprint6.Task3.V8", "Tyuiu.KorotkovNS.Sprint6.Task3.V8\Tyuiu.KorotkovNS.Sprint6.Task3.V8.csproj", "{0667CC7B-4C8A-442E-A859-2162393662C8}"
EndProject
Project("{9A19103F-16F7-4668-BE54-9A1E7A4F7556}") = "Tyuiu.KorotkovNS.Sprint6.Task3.V8.Lib", "Tyuiu.KorotkovNS.Sprint6.Task3.V8.Lib\Tyuiu.KorotkovNS.Sprint6.Task3.V8.Lib.csproj", "{C84D074B-0A54-470A-82FC-4153722DE544}"
EndProject
Project("{9A19103F-16F7-4668-BE54-9A1E7A4F7556}") = "Tyuiu.KorotkovNS.Sprint6.Task3.V8.Test", "Tyuiu.KorotkovNS.Sprint6.Task3.V8.Test\Tyuiu.KorotkovNS.Sprint6.Task3.V8.Test.csproj", "{FD4D6721-0804-4B14-B0B3-9C44E30F6279}"
EndProject
Project("{2150E333-8FDC-42A3-9474-1A3956D46DE8}") = "Task4", "Task4", "{3060522D-0371-463A-8965-9000BA2209F7}"
EndProject
Project("{9A19103F-16F7-4668-BE54-9A1E7A4F7556}") = "Tyuiu.KorotkovNS.Sprint6.Task4.V11", "Tyuiu.KorotkovNS.Sprint6.Task4.V11\Tyuiu.KorotkovNS.Sprint6.Task4.V11.csproj", "{22B661FB-B73E-47F8-B0B3-389FDADD976D}"
EndProject
Project("{9A19103F-16F7-4668-BE54-9A1E7A4F7556}") = "Tyuiu.KorotkovNS.Sprint6.Task4.V11.Lib", "Tyuiu.KorotkovNS.Sprint6.Task4.V11.Lib\Tyuiu.KorotkovNS.Sprint6.Task4.V11.Lib.csproj", "{7A45083C-2CDC-48B1-BBE2-CCF33A4AA1CB}"
EndProject
Project("{9A19103F-16F7-4668-BE54-9A1E7A4F7556}") = "Tyuiu.KorotkovNS.Sprint6.Task4.V11.Test", "Tyuiu.KorotkovNS.Sprint6.Task4.V11.Test\Tyuiu.KorotkovNS.Sprint6.Task4.V11.Test.csproj", "{75BF26F4-C779-4D65-ACC8-4907C47856A3}"
EndProject
Project("{2150E333-8FDC-42A3-9474-1A3956D46DE8}") = "Task5", "Task5", "{5E5D1505-0FB6-4DAB-AF1B-A87731442AA3}"
EndProject
Project("{9A19103F-16F7-4668-BE54-9A1E7A4F7556}") = "Tyuiu.KorotkovNS.Sprint6.Task5.V21", "Tyuiu.KorotkovNS.Sprint6.Task5.V21\Tyuiu.KorotkovNS.Sprint6.Task5.V21.csproj", "{531459E4-519C-4A66-AF24-E42FD8E73B7A}"
EndProject
Project("{9A19103F-16F7-4668-BE54-9A1E7A4F7556}") = "Tyuiu.KorotkovNS.Sprint6.Task5.V21.Lib", "Tyuiu.KorotkovNS.Sprint6.Task5.V21.Lib\Tyuiu.KorotkovNS.Sprint6.Task5.V21.Lib.csproj", "{5E882982-0817-4035-8670-5F131BCD2960}"
EndProject
Project("{9A19103F-16F7-4668-BE54-9A1E7A4F7556}") = "Tyuiu.KorotkovNS.Sprint6.Task5.V21.Test", "Tyuiu.KorotkovNS.Sprint6.Task5.V21.Test\Tyuiu.KorotkovNS.Sprint6.Task5.V21.Test.csproj", "{98E3B53D-603C-4CE1-95C1-4D8DEAC76E0E}"
EndProject
Project("{2150E333-8FDC-42A3-9474-1A3956D46DE8}") = "Task6", "Task6", "{0E4C1591-9404-443B-9159-160809A1F501}"
EndProject
Project("{FAE04EC0-301F-11D3-BF4B-00C04F79EFBC}") = "Tyuiu.KorotkovNS.Sprint6.Task6.V26", "Tyuiu.KorotkovNS.Sprint6.Task6.V26\Tyuiu.KorotkovNS.Sprint6.Task6.V26.csproj", "{3CAD8A8E-CABA-4128-9C8E-5E78B3E4CA13}"
EndProject
Project("{FAE04EC0-301F-11D3-BF4B-00C04F79EFBC}") = "Tyuiu.KorotkovNS.Sprint6.Task6.V26.Lib", "Tyuiu.KorotkovNS.Sprint6.Task6.V26.Lib\Tyuiu.KorotkovNS.Sprint6.Task6.V26.Lib.csproj", "{285ED5E6-719C-4438-9515-FA8D4D200D9C}"
EndProject
Project("{FAE04EC0-301F-11D3-BF4B-00C04F79EFBC}") = "Tyuiu.KorotkovNS.Sprint6.Task6.V26.Test", "Tyuiu.KorotkovNS.Sprint6.Task6.V26.Test\Tyuiu.KorotkovNS.Sprint6.Task6.V26.Test.csproj", "{4D71A630-D88B-4223-ABD6-B7C2574EF05C}"
EndProject
Global
	GlobalSection(SolutionConfigurationPlatforms) = preSolution
		Debug|Any CPU = Debug|Any CPU
		Release|Any CPU = Release|Any CPU
	EndGlobalSection
	GlobalSection(ProjectConfigurationPlatforms) = postSolution
		{8D9792E7-812E-447A-8D71-25072EB14A17}.Debug|Any CPU.ActiveCfg = Debug|Any CPU
		{8D9792E7-812E-447A-8D71-25072EB14A17}.Debug|Any CPU.Build.0 = Debug|Any CPU
		{8D9792E7-812E-447A-8D71-25072EB14A17}.Release|Any CPU.ActiveCfg = Release|Any CPU
		{8D9792E7-812E-447A-8D71-25072EB14A17}.Release|Any CPU.Build.0 = Release|Any CPU
		{A73228FD-5C4D-40C6-9864-05F741D9A281}.Debug|Any CPU.ActiveCfg = Debug|Any CPU
		{A73228FD-5C4D-40C6-9864-05F741D9A281}.Debug|Any CPU.Build.0 = Debug|Any CPU
		{A73228FD-5C4D-40C6-9864-05F741D9A281}.Release|Any CPU.ActiveCfg = Release|Any CPU
		{A73228FD-5C4D-40C6-9864-05F741D9A281}.Release|Any CPU.Build.0 = Release|Any CPU
		{0B139855-5FC3-4898-B15F-543C2885DEB5}.Debug|Any CPU.ActiveCfg = Debug|Any CPU
		{0B139855-5FC3-4898-B15F-543C2885DEB5}.Debug|Any CPU.Build.0 = Debug|Any CPU
		{0B139855-5FC3-4898-B15F-543C2885DEB5}.Release|Any CPU.ActiveCfg = Release|Any CPU
		{0B139855-5FC3-4898-B15F-543C2885DEB5}.Release|Any CPU.Build.0 = Release|Any CPU
		{6FC72CCF-2A7D-4F24-ADB4-B077A4F566EF}.Debug|Any CPU.ActiveCfg = Debug|Any CPU
		{6FC72CCF-2A7D-4F24-ADB4-B077A4F566EF}.Debug|Any CPU.Build.0 = Debug|Any CPU
		{6FC72CCF-2A7D-4F24-ADB4-B077A4F566EF}.Release|Any CPU.ActiveCfg = Release|Any CPU
		{6FC72CCF-2A7D-4F24-ADB4-B077A4F566EF}.Release|Any CPU.Build.0 = Release|Any CPU
		{D2F1475D-8735-46F1-BF38-9CB22483149D}.Debug|Any CPU.ActiveCfg = Debug|Any CPU
		{D2F1475D-8735-46F1-BF38-9CB22483149D}.Debug|Any CPU.Build.0 = Debug|Any CPU
		{D2F1475D-8735-46F1-BF38-9CB22483149D}.Release|Any CPU.ActiveCfg = Release|Any CPU
		{D2F1475D-8735-46F1-BF38-9CB22483149D}.Release|Any CPU.Build.0 = Release|Any CPU
		{E5F7F6CA-7859-45DF-AB1A-4E16B83DD29B}.Debug|Any CPU.ActiveCfg = Debug|Any CPU
		{E5F7F6CA-7859-45DF-AB1A-4E16B83DD29B}.Debug|Any CPU.Build.0 = Debug|Any CPU
		{E5F7F6CA-7859-45DF-AB1A-4E16B83DD29B}.Release|Any CPU.ActiveCfg = Release|Any CPU
		{E5F7F6CA-7859-45DF-AB1A-4E16B83DD29B}.Release|Any CPU.Build.0 = Release|Any CPU
		{5830B508-5ED0-4B0D-879F-8DDEEECC161C}.Debug|Any CPU.ActiveCfg = Debug|Any CPU
		{5830B508-5ED0-4B0D-879F-8DDEEECC161C}.Debug|Any CPU.Build.0 = Debug|Any CPU
		{5830B508-5ED0-4B0D-879F-8DDEEECC161C}.Release|Any CPU.ActiveCfg = Release|Any CPU
		{5830B508-5ED0-4B0D-879F-8DDEEECC161C}.Release|Any CPU.Build.0 = Release|Any CPU
		{105A1E1F-2DBB-4C62-BD2F-0EF920157B2B}.Debug|Any CPU.ActiveCfg = Debug|Any CPU
		{105A1E1F-2DBB-4C62-BD2F-0EF920157B2B}.Debug|Any CPU.Build.0 = Debug|Any CPU
		{105A1E1F-2DBB-4C62-BD2F-0EF920157B2B}.Release|Any CPU.ActiveCfg = Release|Any CPU
		{105A1E1F-2DBB-4C62-BD2F-0EF920157B2B}.Release|Any CPU.Build.0 = Release|Any CPU
		{78EA0BD1-0CDF-430E-9972-CDE09E873795}.Debug|Any CPU.ActiveCfg = Debug|Any CPU
		{78EA0BD1-0CDF-430E-9972-CDE09E873795}.Debug|Any CPU.Build.0 = Debug|Any CPU
		{78EA0BD1-0CDF-430E-9972-CDE09E873795}.Release|Any CPU.ActiveCfg = Release|Any CPU
		{78EA0BD1-0CDF-430E-9972-CDE09E873795}.Release|Any CPU.Build.0 = Release|Any CPU
		{0667CC7B-4C8A-442E-A859-2162393662C8}.Debug|Any CPU.ActiveCfg = Debug|Any CPU
		{0667CC7B-4C8A-442E-A859-2162393662C8}.Debug|Any CPU.Build.0 = Debug|Any CPU
		{0667CC7B-4C8A-442E-A859-2162393662C8}.Release|Any CPU.ActiveCfg = Release|Any CPU
		{0667CC7B-4C8A-442E-A859-2162393662C8}.Release|Any CPU.Build.0 = Release|Any CPU
		{C84D074B-0A54-470A-82FC-4153722DE544}.Debug|Any CPU.ActiveCfg = Debug|Any CPU
		{C84D074B-0A54-470A-82FC-4153722DE544}.Debug|Any CPU.Build.0 = Debug|Any CPU
		{C84D074B-0A54-470A-82FC-4153722DE544}.Release|Any CPU.ActiveCfg = Release|Any CPU
		{C84D074B-0A54-470A-82FC-4153722DE544}.Release|Any CPU.Build.0 = Release|Any CPU
		{FD4D6721-0804-4B14-B0B3-9C44E30F6279}.Debug|Any CPU.ActiveCfg = Debug|Any CPU
		{FD4D6721-0804-4B14-B0B3-9C44E30F6279}.Debug|Any CPU.Build.0 = Debug|Any CPU
		{FD4D6721-0804-4B14-B0B3-9C44E30F6279}.Release|Any CPU.ActiveCfg = Release|Any CPU
		{FD4D6721-0804-4B14-B0B3-9C44E30F6279}.Release|Any CPU.Build.0 = Release|Any CPU
		{22B661FB-B73E-47F8-B0B3-389FDADD976D}.Debug|Any CPU.ActiveCfg = Debug|Any CPU
		{22B661FB-B73E-47F8-B0B3-389FDADD976D}.Debug|Any CPU.Build.0 = Debug|Any CPU
		{22B661FB-B73E-47F8-B0B3-389FDADD976D}.Release|Any CPU.ActiveCfg = Release|Any CPU
		{22B661FB-B73E-47F8-B0B3-389FDADD976D}.Release|Any CPU.Build.0 = Release|Any CPU
		{7A45083C-2CDC-48B1-BBE2-CCF33A4AA1CB}.Debug|Any CPU.ActiveCfg = Debug|Any CPU
		{7A45083C-2CDC-48B1-BBE2-CCF33A4AA1CB}.Debug|Any CPU.Build.0 = Debug|Any CPU
		{7A45083C-2CDC-48B1-BBE2-CCF33A4AA1CB}.Release|Any CPU.ActiveCfg = Release|Any CPU
		{7A45083C-2CDC-48B1-BBE2-CCF33A4AA1CB}.Release|Any CPU.Build.0 = Release|Any CPU
		{75BF26F4-C779-4D65-ACC8-4907C47856A3}.Debug|Any CPU.ActiveCfg = Debug|Any CPU
		{75BF26F4-C779-4D65-ACC8-4907C47856A3}.Debug|Any CPU.Build.0 = Debug|Any CPU
		{75BF26F4-C779-4D65-ACC8-4907C47856A3}.Release|Any CPU.ActiveCfg = Release|Any CPU
		{75BF26F4-C779-4D65-ACC8-4907C47856A3}.Release|Any CPU.Build.0 = Release|Any CPU
		{531459E4-519C-4A66-AF24-E42FD8E73B7A}.Debug|Any CPU.ActiveCfg = Debug|Any CPU
		{531459E4-519C-4A66-AF24-E42FD8E73B7A}.Debug|Any CPU.Build.0 = Debug|Any CPU
		{531459E4-519C-4A66-AF24-E42FD8E73B7A}.Release|Any CPU.ActiveCfg = Release|Any CPU
		{531459E4-519C-4A66-AF24-E42FD8E73B7A}.Release|Any CPU.Build.0 = Release|Any CPU
		{5E882982-0817-4035-8670-5F131BCD2960}.Debug|Any CPU.ActiveCfg = Debug|Any CPU
		{5E882982-0817-4035-8670-5F131BCD2960}.Debug|Any CPU.Build.0 = Debug|Any CPU
		{5E882982-0817-4035-8670-5F131BCD2960}.Release|Any CPU.ActiveCfg = Release|Any CPU
		{5E882982-0817-4035-8670-5F131BCD2960}.Release|Any CPU.Build.0 = Release|Any CPU
		{98E3B53D-603C-4CE1-95C1-4D8DEAC76E0E}.Debug|Any CPU.ActiveCfg = Debug|Any CPU
		{98E3B53D-603C-4CE1-95C1-4D8DEAC76E0E}.Debug|Any CPU.Build.0 = Debug|Any CPU
		{98E3B53D-603C-4CE1-95C1-4D8DEAC76E0E}.Release|Any CPU.ActiveCfg = Release|Any CPU
		{98E3B53D-603C-4CE1-95C1-4D8DEAC76E0E}.Release|Any CPU.Build.0 = Release|Any CPU
		{3CAD8A8E-CABA-4128-9C8E-5E78B3E4CA13}.Debug|Any CPU.ActiveCfg = Debug|Any CPU
		{3CAD8A8E-CABA-4128-9C8E-5E78B3E4CA13}.Debug|Any CPU.Build.0 = Debug|Any CPU
		{3CAD8A8E-CABA-4128-9C8E-5E78B3E4CA13}.Release|Any CPU.ActiveCfg = Release|Any CPU
		{3CAD8A8E-CABA-4128-9C8E-5E78B3E4CA13}.Release|Any CPU.Build.0 = Release|Any CPU
		{285ED5E6-719C-4438-9515-FA8D4D200D9C}.Debug|Any CPU.ActiveCfg = Debug|Any CPU
		{285ED5E6-719C-4438-9515-FA8D4D200D9C}.Debug|Any CPU.Build.0 = Debug|Any CPU
		{285ED5E6-719C-4438-9515-FA8D4D200D9C}.Release|Any CPU.ActiveCfg = Release|Any CPU
		{285ED5E6-719C-4438-9515-FA8D4D200D9C}.Release|Any CPU.Build.0 = Release|Any CPU
		{4D71A630-D88B-4223-ABD6-B7C2574EF05C}.Debug|Any CPU.ActiveCfg = Debug|Any CPU
		{4D71A630-D88B-4223-ABD6-B7C2574EF05C}.Debug|Any CPU.Build.0 = Debug|Any CPU
		{4D71A630-D88B-4223-ABD6-B7C2574EF05C}.Release|Any CPU.ActiveCfg = Release|Any CPU
		{4D71A630-D88B-4223-ABD6-B7C2574EF05C}.Release|Any CPU.Build.0 = Release|Any CPU
	EndGlobalSection
	GlobalSection(SolutionProperties) = preSolution
		HideSolutionNode = FALSE
	EndGlobalSection
	GlobalSection(NestedProjects) = preSolution
		{8D9792E7-812E-447A-8D71-25072EB14A17} = {0BE4BE94-FD46-4BE5-B9E4-88FC8CF6B68B}
		{A73228FD-5C4D-40C6-9864-05F741D9A281} = {0BE4BE94-FD46-4BE5-B9E4-88FC8CF6B68B}
		{0B139855-5FC3-4898-B15F-543C2885DEB5} = {0BE4BE94-FD46-4BE5-B9E4-88FC8CF6B68B}
		{6FC72CCF-2A7D-4F24-ADB4-B077A4F566EF} = {3CFEEEFD-A280-4035-BD03-ED846BAB116B}
		{D2F1475D-8735-46F1-BF38-9CB22483149D} = {3CFEEEFD-A280-4035-BD03-ED846BAB116B}
		{E5F7F6CA-7859-45DF-AB1A-4E16B83DD29B} = {3CFEEEFD-A280-4035-BD03-ED846BAB116B}
		{5830B508-5ED0-4B0D-879F-8DDEEECC161C} = {5DB0BCBE-E9EB-4ACE-8ABA-094D709E8A45}
		{105A1E1F-2DBB-4C62-BD2F-0EF920157B2B} = {5DB0BCBE-E9EB-4ACE-8ABA-094D709E8A45}
		{78EA0BD1-0CDF-430E-9972-CDE09E873795} = {5DB0BCBE-E9EB-4ACE-8ABA-094D709E8A45}
		{0667CC7B-4C8A-442E-A859-2162393662C8} = {D83C0558-21A3-4A0D-B198-48B105029AE7}
		{C84D074B-0A54-470A-82FC-4153722DE544} = {D83C0558-21A3-4A0D-B198-48B105029AE7}
		{FD4D6721-0804-4B14-B0B3-9C44E30F6279} = {D83C0558-21A3-4A0D-B198-48B105029AE7}
		{22B661FB-B73E-47F8-B0B3-389FDADD976D} = {3060522D-0371-463A-8965-9000BA2209F7}
		{7A45083C-2CDC-48B1-BBE2-CCF33A4AA1CB} = {3060522D-0371-463A-8965-9000BA2209F7}
		{75BF26F4-C779-4D65-ACC8-4907C47856A3} = {3060522D-0371-463A-8965-9000BA2209F7}
		{531459E4-519C-4A66-AF24-E42FD8E73B7A} = {5E5D1505-0FB6-4DAB-AF1B-A87731442AA3}
		{5E882982-0817-4035-8670-5F131BCD2960} = {5E5D1505-0FB6-4DAB-AF1B-A87731442AA3}
		{98E3B53D-603C-4CE1-95C1-4D8DEAC76E0E} = {5E5D1505-0FB6-4DAB-AF1B-A87731442AA3}
		{3CAD8A8E-CABA-4128-9C8E-5E78B3E4CA13} = {0E4C1591-9404-443B-9159-160809A1F501}
		{285ED5E6-719C-4438-9515-FA8D4D200D9C} = {0E4C1591-9404-443B-9159-160809A1F501}
		{4D71A630-D88B-4223-ABD6-B7C2574EF05C} = {0E4C1591-9404-443B-9159-160809A1F501}
	EndGlobalSection
	GlobalSection(ExtensibilityGlobals) = postSolution
		SolutionGuid = {FF1AF6D0-80CE-4026-9214-757FC46959F0}
	EndGlobalSection
EndGlobal
